
Microsoft Visual Studio Solution File, Format Version 12.00
# Visual Studio Version 16
VisualStudioVersion = 16.0.32106.194
MinimumVisualStudioVersion = 10.0.40219.1
Project("{9A19103F-16F7-4668-BE54-9A1E7A4F7556}") = "Ram.CodingTests.MyShop", "Ram.CodingTests.MyShop\Ram.CodingTests.MyShop.csproj", "{6401DCBC-D282-47D3-BEF7-32EA0048CDF2}"
EndProject
Project("{FAE04EC0-301F-11D3-BF4B-00C04F79EFBC}") = "Ram.CodingTests.MyShop.UnitTests", "Ram.CodingTests.MyShop.UnitTests\Ram.CodingTests.MyShop.UnitTests.csproj", "{D95E29BD-D20E-4518-B443-CFB6B33C88F3}"
EndProject
Global
	GlobalSection(SolutionConfigurationPlatforms) = preSolution
		Debug|Any CPU = Debug|Any CPU
		Release|Any CPU = Release|Any CPU
	EndGlobalSection
	GlobalSection(ProjectConfigurationPlatforms) = postSolution
		{6401DCBC-D282-47D3-BEF7-32EA0048CDF2}.Debug|Any CPU.ActiveCfg = Debug|Any CPU
		{6401DCBC-D282-47D3-BEF7-32EA0048CDF2}.Debug|Any CPU.Build.0 = Debug|Any CPU
		{6401DCBC-D282-47D3-BEF7-32EA0048CDF2}.Release|Any CPU.ActiveCfg = Release|Any CPU
		{6401DCBC-D282-47D3-BEF7-32EA0048CDF2}.Release|Any CPU.Build.0 = Release|Any CPU
		{D95E29BD-D20E-4518-B443-CFB6B33C88F3}.Debug|Any CPU.ActiveCfg = Debug|Any CPU
		{D95E29BD-D20E-4518-B443-CFB6B33C88F3}.Debug|Any CPU.Build.0 = Debug|Any CPU
		{D95E29BD-D20E-4518-B443-CFB6B33C88F3}.Release|Any CPU.ActiveCfg = Release|Any CPU
		{D95E29BD-D20E-4518-B443-CFB6B33C88F3}.Release|Any CPU.Build.0 = Release|Any CPU
	EndGlobalSection
	GlobalSection(SolutionProperties) = preSolution
		HideSolutionNode = FALSE
	EndGlobalSection
	GlobalSection(ExtensibilityGlobals) = postSolution
		SolutionGuid = {0F1ED936-82E4-4AD9-814D-22BCF4C0FA80}
	EndGlobalSection
EndGlobal
